
Microsoft Visual Studio Solution File, Format Version 12.00
# Visual Studio Version 17
VisualStudioVersion = 17.14.36518.9 d17.14
MinimumVisualStudioVersion = 10.0.40219.1
Project("{FAE04EC0-301F-11D3-BF4B-00C04F79EFBC}") = "GestionProductos.API", "GestionProductos.API\GestionProductos.API.csproj", "{7AE752FB-8500-49FA-A862-303B8C0B9260}"
EndProject
Global
	GlobalSection(SolutionConfigurationPlatforms) = preSolution
		Debug|Any CPU = Debug|Any CPU
		Release|Any CPU = Release|Any CPU
	EndGlobalSection
	GlobalSection(ProjectConfigurationPlatforms) = postSolution
		{7AE752FB-8500-49FA-A862-303B8C0B9260}.Debug|Any CPU.ActiveCfg = Debug|Any CPU
		{7AE752FB-8500-49FA-A862-303B8C0B9260}.Debug|Any CPU.Build.0 = Debug|Any CPU
		{7AE752FB-8500-49FA-A862-303B8C0B9260}.Release|Any CPU.ActiveCfg = Release|Any CPU
		{7AE752FB-8500-49FA-A862-303B8C0B9260}.Release|Any CPU.Build.0 = Release|Any CPU
	EndGlobalSection
	GlobalSection(SolutionProperties) = preSolution
		HideSolutionNode = FALSE
	EndGlobalSection
	GlobalSection(ExtensibilityGlobals) = postSolution
		SolutionGuid = {FD896706-BE29-4FC7-9B13-2F1FEFAF574D}
	EndGlobalSection
EndGlobal
